
Microsoft Visual Studio Solution File, Format Version 12.00
# Visual Studio Version 16
VisualStudioVersion = 16.0.29806.167
MinimumVisualStudioVersion = 10.0.40219.1
Project("{FAE04EC0-301F-11D3-BF4B-00C04F79EFBC}") = "ProjectEulerProject1", "ProjectEulerProject1\ProjectEulerProject1.csproj", "{EE60BC95-DF2A-4735-9805-95901BAEED41}"
EndProject
Global
	GlobalSection(SolutionConfigurationPlatforms) = preSolution
		Debug|Any CPU = Debug|Any CPU
		Release|Any CPU = Release|Any CPU
	EndGlobalSection
	GlobalSection(ProjectConfigurationPlatforms) = postSolution
		{EE60BC95-DF2A-4735-9805-95901BAEED41}.Debug|Any CPU.ActiveCfg = Debug|Any CPU
		{EE60BC95-DF2A-4735-9805-95901BAEED41}.Debug|Any CPU.Build.0 = Debug|Any CPU
		{EE60BC95-DF2A-4735-9805-95901BAEED41}.Release|Any CPU.ActiveCfg = Release|Any CPU
		{EE60BC95-DF2A-4735-9805-95901BAEED41}.Release|Any CPU.Build.0 = Release|Any CPU
	EndGlobalSection
	GlobalSection(SolutionProperties) = preSolution
		HideSolutionNode = FALSE
	EndGlobalSection
	GlobalSection(ExtensibilityGlobals) = postSolution
		SolutionGuid = {273776C4-F20E-4536-ADE2-2DB4C153E23C}
	EndGlobalSection
EndGlobal
